
Microsoft Visual Studio Solution File, Format Version 12.00
# Visual Studio Version 16
VisualStudioVersion = 16.0.32106.194
MinimumVisualStudioVersion = 10.0.40219.1
Project("{9A19103F-16F7-4668-BE54-9A1E7A4F7556}") = "FunctionsReturnAndArraysFromFile", "FunctionsReturnAndArraysFromFile\FunctionsReturnAndArraysFromFile.csproj", "{62007E13-3139-40CB-8394-D33240B21D2C}"
EndProject
Project("{FAE04EC0-301F-11D3-BF4B-00C04F79EFBC}") = "FridayNightRandom", "FridayNightRandom\FridayNightRandom.csproj", "{E6E1BCB0-3B4D-412C-9365-4B245BABAAC2}"
EndProject
Project("{FAE04EC0-301F-11D3-BF4B-00C04F79EFBC}") = "FridayNightRandomReturn", "FridayNightRandomReturn\FridayNightRandomReturn.csproj", "{EBFC2C9A-E2DC-4D9F-91F7-4DCF27EDD671}"
EndProject
Project("{FAE04EC0-301F-11D3-BF4B-00C04F79EFBC}") = "PickFromFile", "PickFromFile\PickFromFile.csproj", "{8ADA20E4-3347-4C80-8C9C-1E01CB6578D7}"
EndProject
Project("{FAE04EC0-301F-11D3-BF4B-00C04F79EFBC}") = "ChuckNorris", "ChuckNorris\ChuckNorris.csproj", "{864FEC24-ED4D-4A11-81E2-B6F26A1E9983}"
EndProject
Global
	GlobalSection(SolutionConfigurationPlatforms) = preSolution
		Debug|Any CPU = Debug|Any CPU
		Release|Any CPU = Release|Any CPU
	EndGlobalSection
	GlobalSection(ProjectConfigurationPlatforms) = postSolution
		{62007E13-3139-40CB-8394-D33240B21D2C}.Debug|Any CPU.ActiveCfg = Debug|Any CPU
		{62007E13-3139-40CB-8394-D33240B21D2C}.Debug|Any CPU.Build.0 = Debug|Any CPU
		{62007E13-3139-40CB-8394-D33240B21D2C}.Release|Any CPU.ActiveCfg = Release|Any CPU
		{62007E13-3139-40CB-8394-D33240B21D2C}.Release|Any CPU.Build.0 = Release|Any CPU
		{E6E1BCB0-3B4D-412C-9365-4B245BABAAC2}.Debug|Any CPU.ActiveCfg = Debug|Any CPU
		{E6E1BCB0-3B4D-412C-9365-4B245BABAAC2}.Debug|Any CPU.Build.0 = Debug|Any CPU
		{E6E1BCB0-3B4D-412C-9365-4B245BABAAC2}.Release|Any CPU.ActiveCfg = Release|Any CPU
		{E6E1BCB0-3B4D-412C-9365-4B245BABAAC2}.Release|Any CPU.Build.0 = Release|Any CPU
		{EBFC2C9A-E2DC-4D9F-91F7-4DCF27EDD671}.Debug|Any CPU.ActiveCfg = Debug|Any CPU
		{EBFC2C9A-E2DC-4D9F-91F7-4DCF27EDD671}.Debug|Any CPU.Build.0 = Debug|Any CPU
		{EBFC2C9A-E2DC-4D9F-91F7-4DCF27EDD671}.Release|Any CPU.ActiveCfg = Release|Any CPU
		{EBFC2C9A-E2DC-4D9F-91F7-4DCF27EDD671}.Release|Any CPU.Build.0 = Release|Any CPU
		{8ADA20E4-3347-4C80-8C9C-1E01CB6578D7}.Debug|Any CPU.ActiveCfg = Debug|Any CPU
		{8ADA20E4-3347-4C80-8C9C-1E01CB6578D7}.Debug|Any CPU.Build.0 = Debug|Any CPU
		{8ADA20E4-3347-4C80-8C9C-1E01CB6578D7}.Release|Any CPU.ActiveCfg = Release|Any CPU
		{8ADA20E4-3347-4C80-8C9C-1E01CB6578D7}.Release|Any CPU.Build.0 = Release|Any CPU
		{864FEC24-ED4D-4A11-81E2-B6F26A1E9983}.Debug|Any CPU.ActiveCfg = Debug|Any CPU
		{864FEC24-ED4D-4A11-81E2-B6F26A1E9983}.Debug|Any CPU.Build.0 = Debug|Any CPU
		{864FEC24-ED4D-4A11-81E2-B6F26A1E9983}.Release|Any CPU.ActiveCfg = Release|Any CPU
		{864FEC24-ED4D-4A11-81E2-B6F26A1E9983}.Release|Any CPU.Build.0 = Release|Any CPU
	EndGlobalSection
	GlobalSection(SolutionProperties) = preSolution
		HideSolutionNode = FALSE
	EndGlobalSection
	GlobalSection(ExtensibilityGlobals) = postSolution
		SolutionGuid = {8C76CCB9-857C-49C5-848A-A2A5D4128A19}
	EndGlobalSection
EndGlobal
